// !$*UTF8*$!
{
	archiveVersion = 1;
	classes = {
	};
	objectVersion = 48;
	objects = {

/* Begin PBXBuildFile section */
		3F4D76A864B0F85DEABCDFFC /* Pods_SplitKit_SplitKit_Example.framework in Frameworks */ = {isa = PBXBuildFile; fileRef = 6191F351DC7391366AFADE46 /* Pods_SplitKit_SplitKit_Example.framework */; };
		952D7A7A1F5C1E7C00AB4102 /* AppDelegate.m in Sources */ = {isa = PBXBuildFile; fileRef = 952D7A791F5C1E7C00AB4102 /* AppDelegate.m */; };
		952D7A7D1F5C1E7C00AB4102 /* ViewController.m in Sources */ = {isa = PBXBuildFile; fileRef = 952D7A7C1F5C1E7C00AB4102 /* ViewController.m */; };
		952D7A801F5C1E7C00AB4102 /* Main.storyboard in Resources */ = {isa = PBXBuildFile; fileRef = 952D7A7E1F5C1E7C00AB4102 /* Main.storyboard */; };
		952D7A821F5C1E7C00AB4102 /* Assets.xcassets in Resources */ = {isa = PBXBuildFile; fileRef = 952D7A811F5C1E7C00AB4102 /* Assets.xcassets */; };
		952D7A851F5C1E7C00AB4102 /* LaunchScreen.storyboard in Resources */ = {isa = PBXBuildFile; fileRef = 952D7A831F5C1E7C00AB4102 /* LaunchScreen.storyboard */; };
		952D7A881F5C1E7D00AB4102 /* main.m in Sources */ = {isa = PBXBuildFile; fileRef = 952D7A871F5C1E7D00AB4102 /* main.m */; };
		95A86CC31F61CE5600B0743E /* ImageViewController.swift in Sources */ = {isa = PBXBuildFile; fileRef = 95A86CC01F61CE5500B0743E /* ImageViewController.swift */; };
/* End PBXBuildFile section */

/* Begin PBXFileReference section */
		3294CE9172CEA789D1B495CD /* Pods-SplitKit-SplitKit Example.release.xcconfig */ = {isa = PBXFileReference; includeInIndex = 1; lastKnownFileType = text.xcconfig; name = "Pods-SplitKit-SplitKit Example.release.xcconfig"; path = "Pods/Target Support Files/Pods-SplitKit-SplitKit Example/Pods-SplitKit-SplitKit Example.release.xcconfig"; sourceTree = "<group>"; };
		6191F351DC7391366AFADE46 /* Pods_SplitKit_SplitKit_Example.framework */ = {isa = PBXFileReference; explicitFileType = wrapper.framework; includeInIndex = 0; path = Pods_SplitKit_SplitKit_Example.framework; sourceTree = BUILT_PRODUCTS_DIR; };
		952D7A751F5C1E7C00AB4102 /* SplitKit Example.app */ = {isa = PBXFileReference; explicitFileType = wrapper.application; includeInIndex = 0; path = "SplitKit Example.app"; sourceTree = BUILT_PRODUCTS_DIR; };
		952D7A781F5C1E7C00AB4102 /* AppDelegate.h */ = {isa = PBXFileReference; lastKnownFileType = sourcecode.c.h; path = AppDelegate.h; sourceTree = "<group>"; };
		952D7A791F5C1E7C00AB4102 /* AppDelegate.m */ = {isa = PBXFileReference; lastKnownFileType = sourcecode.c.objc; path = AppDelegate.m; sourceTree = "<group>"; };
		952D7A7B1F5C1E7C00AB4102 /* ViewController.h */ = {isa = PBXFileReference; lastKnownFileType = sourcecode.c.h; path = ViewController.h; sourceTree = "<group>"; };
		952D7A7C1F5C1E7C00AB4102 /* ViewController.m */ = {isa = PBXFileReference; lastKnownFileType = sourcecode.c.objc; path = ViewController.m; sourceTree = "<group>"; };
		952D7A7F1F5C1E7C00AB4102 /* Base */ = {isa = PBXFileReference; lastKnownFileType = file.storyboard; name = Base; path = Base.lproj/Main.storyboard; sourceTree = "<group>"; };
		952D7A811F5C1E7C00AB4102 /* Assets.xcassets */ = {isa = PBXFileReference; lastKnownFileType = folder.assetcatalog; path = Assets.xcassets; sourceTree = "<group>"; };
		952D7A841F5C1E7C00AB4102 /* Base */ = {isa = PBXFileReference; lastKnownFileType = file.storyboard; name = Base; path = Base.lproj/LaunchScreen.storyboard; sourceTree = "<group>"; };
		952D7A861F5C1E7D00AB4102 /* Info.plist */ = {isa = PBXFileReference; lastKnownFileType = text.plist.xml; path = Info.plist; sourceTree = "<group>"; };
		952D7A871F5C1E7D00AB4102 /* main.m */ = {isa = PBXFileReference; lastKnownFileType = sourcecode.c.objc; path = main.m; sourceTree = "<group>"; };
		9550EDBB1F61AF1F00F01C0A /* SplitKit Example-Bridging-Header.h */ = {isa = PBXFileReference; lastKnownFileType = sourcecode.c.h; path = "SplitKit Example-Bridging-Header.h"; sourceTree = "<group>"; };
		95A86CC01F61CE5500B0743E /* ImageViewController.swift */ = {isa = PBXFileReference; lastKnownFileType = sourcecode.swift; path = ImageViewController.swift; sourceTree = "<group>"; };
		D6AFEA628BA88E46C77E41CE /* Pods-SplitKit-SplitKit Example.debug.xcconfig */ = {isa = PBXFileReference; includeInIndex = 1; lastKnownFileType = text.xcconfig; name = "Pods-SplitKit-SplitKit Example.debug.xcconfig"; path = "Pods/Target Support Files/Pods-SplitKit-SplitKit Example/Pods-SplitKit-SplitKit Example.debug.xcconfig"; sourceTree = "<group>"; };
/* End PBXFileReference section */

/* Begin PBXFrameworksBuildPhase section */
		952D7A721F5C1E7C00AB4102 /* Frameworks */ = {
			isa = PBXFrameworksBuildPhase;
			buildActionMask = 2147483647;
			files = (
				3F4D76A864B0F85DEABCDFFC /* Pods_SplitKit_SplitKit_Example.framework in Frameworks */,
			);
			runOnlyForDeploymentPostprocessing = 0;
		};
/* End PBXFrameworksBuildPhase section */

/* Begin PBXGroup section */
		22B1927CA664D2D1736EF4B8 /* Frameworks */ = {
			isa = PBXGroup;
			children = (
				6191F351DC7391366AFADE46 /* Pods_SplitKit_SplitKit_Example.framework */,
			);
			name = Frameworks;
			sourceTree = "<group>";
		};
		952D7A6C1F5C1E7C00AB4102 = {
			isa = PBXGroup;
			children = (
				952D7A771F5C1E7C00AB4102 /* SplitKit Example */,
				952D7A761F5C1E7C00AB4102 /* Products */,
				BD02D3D88EBD580128CB8D0A /* Pods */,
				22B1927CA664D2D1736EF4B8 /* Frameworks */,
			);
			sourceTree = "<group>";
		};
		952D7A761F5C1E7C00AB4102 /* Products */ = {
			isa = PBXGroup;
			children = (
				952D7A751F5C1E7C00AB4102 /* SplitKit Example.app */,
			);
			name = Products;
			sourceTree = "<group>";
		};
		952D7A771F5C1E7C00AB4102 /* SplitKit Example */ = {
			isa = PBXGroup;
			children = (
				952D7A781F5C1E7C00AB4102 /* AppDelegate.h */,
				952D7A791F5C1E7C00AB4102 /* AppDelegate.m */,
				952D7A7B1F5C1E7C00AB4102 /* ViewController.h */,
				952D7A7C1F5C1E7C00AB4102 /* ViewController.m */,
				95A86CC01F61CE5500B0743E /* ImageViewController.swift */,
				952D7A7E1F5C1E7C00AB4102 /* Main.storyboard */,
				952D7A811F5C1E7C00AB4102 /* Assets.xcassets */,
				952D7A831F5C1E7C00AB4102 /* LaunchScreen.storyboard */,
				952D7A861F5C1E7D00AB4102 /* Info.plist */,
				952D7A871F5C1E7D00AB4102 /* main.m */,
				9550EDBB1F61AF1F00F01C0A /* SplitKit Example-Bridging-Header.h */,
			);
			path = "SplitKit Example";
			sourceTree = "<group>";
		};
		BD02D3D88EBD580128CB8D0A /* Pods */ = {
			isa = PBXGroup;
			children = (
				D6AFEA628BA88E46C77E41CE /* Pods-SplitKit-SplitKit Example.debug.xcconfig */,
				3294CE9172CEA789D1B495CD /* Pods-SplitKit-SplitKit Example.release.xcconfig */,
			);
			name = Pods;
			sourceTree = "<group>";
		};
/* End PBXGroup section */

/* Begin PBXNativeTarget section */
		952D7A741F5C1E7C00AB4102 /* SplitKit Example */ = {
			isa = PBXNativeTarget;
			buildConfigurationList = 952D7A8B1F5C1E7D00AB4102 /* Build configuration list for PBXNativeTarget "SplitKit Example" */;
			buildPhases = (
				A9C80499B2942C4D6A817102 /* [CP] Check Pods Manifest.lock */,
				952D7A711F5C1E7C00AB4102 /* Sources */,
				952D7A721F5C1E7C00AB4102 /* Frameworks */,
				952D7A731F5C1E7C00AB4102 /* Resources */,
				4378D8C3C52282D7B4989255 /* [CP] Embed Pods Frameworks */,
				392B07B824FDFF146DE7F837 /* [CP] Copy Pods Resources */,
			);
			buildRules = (
			);
			dependencies = (
			);
			name = "SplitKit Example";
			productName = "SplitKit Example";
			productReference = 952D7A751F5C1E7C00AB4102 /* SplitKit Example.app */;
			productType = "com.apple.product-type.application";
		};
/* End PBXNativeTarget section */

/* Begin PBXProject section */
		952D7A6D1F5C1E7C00AB4102 /* Project object */ = {
			isa = PBXProject;
			attributes = {
				LastUpgradeCheck = 0900;
				ORGANIZATIONNAME = Dolomate;
				TargetAttributes = {
					952D7A741F5C1E7C00AB4102 = {
						CreatedOnToolsVersion = 9.0;
						LastSwiftMigration = 0900;
						ProvisioningStyle = Automatic;
					};
				};
			};
			buildConfigurationList = 952D7A701F5C1E7C00AB4102 /* Build configuration list for PBXProject "SplitKit Example" */;
			compatibilityVersion = "Xcode 8.0";
			developmentRegion = en;
			hasScannedForEncodings = 0;
			knownRegions = (
				en,
				Base,
			);
			mainGroup = 952D7A6C1F5C1E7C00AB4102;
			productRefGroup = 952D7A761F5C1E7C00AB4102 /* Products */;
			projectDirPath = "";
			projectRoot = "";
			targets = (
				952D7A741F5C1E7C00AB4102 /* SplitKit Example */,
			);
		};
/* End PBXProject section */

/* Begin PBXResourcesBuildPhase section */
		952D7A731F5C1E7C00AB4102 /* Resources */ = {
			isa = PBXResourcesBuildPhase;
			buildActionMask = 2147483647;
			files = (
				952D7A851F5C1E7C00AB4102 /* LaunchScreen.storyboard in Resources */,
				952D7A821F5C1E7C00AB4102 /* Assets.xcassets in Resources */,
				952D7A801F5C1E7C00AB4102 /* Main.storyboard in Resources */,
			);
			runOnlyForDeploymentPostprocessing = 0;
		};
/* End PBXResourcesBuildPhase section */

/* Begin PBXShellScriptBuildPhase section */
		392B07B824FDFF146DE7F837 /* [CP] Copy Pods Resources */ = {
			isa = PBXShellScriptBuildPhase;
			buildActionMask = 2147483647;
			files = (
			);
			inputPaths = (
			);
			name = "[CP] Copy Pods Resources";
			outputPaths = (
			);
			runOnlyForDeploymentPostprocessing = 0;
			shellPath = /bin/sh;
			shellScript = "\"${SRCROOT}/Pods/Target Support Files/Pods-SplitKit-SplitKit Example/Pods-SplitKit-SplitKit Example-resources.sh\"\n";
			showEnvVarsInLog = 0;
		};
		4378D8C3C52282D7B4989255 /* [CP] Embed Pods Frameworks */ = {
			isa = PBXShellScriptBuildPhase;
			buildActionMask = 2147483647;
			files = (
			);
			inputPaths = (
				"${SRCROOT}/Pods/Target Support Files/Pods-SplitKit-SplitKit Example/Pods-SplitKit-SplitKit Example-frameworks.sh",
				"${BUILT_PRODUCTS_DIR}/SplitKit/SplitKit.framework",
			);
			name = "[CP] Embed Pods Frameworks";
			outputPaths = (
				"${TARGET_BUILD_DIR}/${FRAMEWORKS_FOLDER_PATH}/SplitKit.framework",
			);
			runOnlyForDeploymentPostprocessing = 0;
			shellPath = /bin/sh;
			shellScript = "\"${SRCROOT}/Pods/Target Support Files/Pods-SplitKit-SplitKit Example/Pods-SplitKit-SplitKit Example-frameworks.sh\"\n";
			showEnvVarsInLog = 0;
		};
		A9C80499B2942C4D6A817102 /* [CP] Check Pods Manifest.lock */ = {
			isa = PBXShellScriptBuildPhase;
			buildActionMask = 2147483647;
			files = (
			);
			inputPaths = (
				"${PODS_PODFILE_DIR_PATH}/Podfile.lock",
				"${PODS_ROOT}/Manifest.lock",
			);
			name = "[CP] Check Pods Manifest.lock";
			outputPaths = (
				"$(DERIVED_FILE_DIR)/Pods-SplitKit-SplitKit Example-checkManifestLockResult.txt",
			);
			runOnlyForDeploymentPostprocessing = 0;
			shellPath = /bin/sh;
			shellScript = "diff \"${PODS_PODFILE_DIR_PATH}/Podfile.lock\" \"${PODS_ROOT}/Manifest.lock\" > /dev/null\nif [ $? != 0 ] ; then\n    # print error to STDERR\n    echo \"error: The sandbox is not in sync with the Podfile.lock. Run 'pod install' or update your CocoaPods installation.\" >&2\n    exit 1\nfi\n# This output is used by Xcode 'outputs' to avoid re-running this script phase.\necho \"SUCCESS\" > \"${SCRIPT_OUTPUT_FILE_0}\"\n";
			showEnvVarsInLog = 0;
		};
/* End PBXShellScriptBuildPhase section */

/* Begin PBXSourcesBuildPhase section */
		952D7A711F5C1E7C00AB4102 /* Sources */ = {
			isa = PBXSourcesBuildPhase;
			buildActionMask = 2147483647;
			files = (
				952D7A7D1F5C1E7C00AB4102 /* ViewController.m in Sources */,
				95A86CC31F61CE5600B0743E /* ImageViewController.swift in Sources */,
				952D7A881F5C1E7D00AB4102 /* main.m in Sources */,
				952D7A7A1F5C1E7C00AB4102 /* AppDelegate.m in Sources */,
			);
			runOnlyForDeploymentPostprocessing = 0;
		};
/* End PBXSourcesBuildPhase section */

/* Begin PBXVariantGroup section */
		952D7A7E1F5C1E7C00AB4102 /* Main.storyboard */ = {
			isa = PBXVariantGroup;
			children = (
				952D7A7F1F5C1E7C00AB4102 /* Base */,
			);
			name = Main.storyboard;
			sourceTree = "<group>";
		};
		952D7A831F5C1E7C00AB4102 /* LaunchScreen.storyboard */ = {
			isa = PBXVariantGroup;
			children = (
				952D7A841F5C1E7C00AB4102 /* Base */,
			);
			name = LaunchScreen.storyboard;
			sourceTree = "<group>";
		};
/* End PBXVariantGroup section */

/* Begin XCBuildConfiguration section */
		952D7A891F5C1E7D00AB4102 /* Debug */ = {
			isa = XCBuildConfiguration;
			buildSettings = {
				ALWAYS_SEARCH_USER_PATHS = NO;
				CLANG_ANALYZER_NONNULL = YES;
				CLANG_ANALYZER_NUMBER_OBJECT_CONVERSION = YES_AGGRESSIVE;
				CLANG_CXX_LANGUAGE_STANDARD = "gnu++14";
				CLANG_CXX_LIBRARY = "libc++";
				CLANG_ENABLE_MODULES = YES;
				CLANG_ENABLE_OBJC_ARC = YES;
				CLANG_WARN_BLOCK_CAPTURE_AUTORELEASING = YES;
				CLANG_WARN_BOOL_CONVERSION = YES;
				CLANG_WARN_COMMA = YES;
				CLANG_WARN_CONSTANT_CONVERSION = YES;
				CLANG_WARN_DIRECT_OBJC_ISA_USAGE = YES_ERROR;
				CLANG_WARN_DOCUMENTATION_COMMENTS = YES;
				CLANG_WARN_EMPTY_BODY = YES;
				CLANG_WARN_ENUM_CONVERSION = YES;
				CLANG_WARN_INFINITE_RECURSION = YES;
				CLANG_WARN_INT_CONVERSION = YES;
				CLANG_WARN_NON_LITERAL_NULL_CONVERSION = YES;
				CLANG_WARN_OBJC_LITERAL_CONVERSION = YES;
				CLANG_WARN_OBJC_ROOT_CLASS = YES_ERROR;
				CLANG_WARN_RANGE_LOOP_ANALYSIS = YES;
				CLANG_WARN_STRICT_PROTOTYPES = YES;
				CLANG_WARN_SUSPICIOUS_MOVE = YES;
				CLANG_WARN_UNGUARDED_AVAILABILITY = YES_AGGRESSIVE;
				CLANG_WARN_UNREACHABLE_CODE = YES;
				CLANG_WARN__DUPLICATE_METHOD_MATCH = YES;
				CODE_SIGN_IDENTITY = "iPhone Developer";
				COPY_PHASE_STRIP = NO;
				DEBUG_INFORMATION_FORMAT = dwarf;
				ENABLE_STRICT_OBJC_MSGSEND = YES;
				ENABLE_TESTABILITY = YES;
				GCC_C_LANGUAGE_STANDARD = gnu11;
				GCC_DYNAMIC_NO_PIC = NO;
				GCC_NO_COMMON_BLOCKS = YES;
				GCC_OPTIMIZATION_LEVEL = 0;
				GCC_PREPROCESSOR_DEFINITIONS = (
					"DEBUG=1",
					"$(inherited)",
				);
				GCC_WARN_64_TO_32_BIT_CONVERSION = YES;
				GCC_WARN_ABOUT_RETURN_TYPE = YES_ERROR;
				GCC_WARN_UNDECLARED_SELECTOR = YES;
				GCC_WARN_UNINITIALIZED_AUTOS = YES_AGGRESSIVE;
				GCC_WARN_UNUSED_FUNCTION = YES;
				GCC_WARN_UNUSED_VARIABLE = YES;
				IPHONEOS_DEPLOYMENT_TARGET = 11.0;
				MTL_ENABLE_DEBUG_INFO = YES;
				ONLY_ACTIVE_ARCH = YES;
				SDKROOT = iphoneos;
			};
			name = Debug;
		};
		952D7A8A1F5C1E7D00AB4102 /* Release */ = {
			isa = XCBuildConfiguration;
			buildSettings = {
				ALWAYS_SEARCH_USER_PATHS = NO;
				CLANG_ANALYZER_NONNULL = YES;
				CLANG_ANALYZER_NUMBER_OBJECT_CONVERSION = YES_AGGRESSIVE;
				CLANG_CXX_LANGUAGE_STANDARD = "gnu++14";
				CLANG_CXX_LIBRARY = "libc++";
				CLANG_ENABLE_MODULES = YES;
				CLANG_ENABLE_OBJC_ARC = YES;
				CLANG_WARN_BLOCK_CAPTURE_AUTORELEASING = YES;
				CLANG_WARN_BOOL_CONVERSION = YES;
				CLANG_WARN_COMMA = YES;
				CLANG_WARN_CONSTANT_CONVERSION = YES;
				CLANG_WARN_DIRECT_OBJC_ISA_USAGE = YES_ERROR;
				CLANG_WARN_DOCUMENTATION_COMMENTS = YES;
				CLANG_WARN_EMPTY_BODY = YES;
				CLANG_WARN_ENUM_CONVERSION = YES;
				CLANG_WARN_INFINITE_RECURSION = YES;
				CLANG_WARN_INT_CONVERSION = YES;
				CLANG_WARN_NON_LITERAL_NULL_CONVERSION = YES;
				CLANG_WARN_OBJC_LITERAL_CONVERSION = YES;
				CLANG_WARN_OBJC_ROOT_CLASS = YES_ERROR;
				CLANG_WARN_RANGE_LOOP_ANALYSIS = YES;
				CLANG_WARN_STRICT_PROTOTYPES = YES;
				CLANG_WARN_SUSPICIOUS_MOVE = YES;
				CLANG_WARN_UNGUARDED_AVAILABILITY = YES_AGGRESSIVE;
				CLANG_WARN_UNREACHABLE_CODE = YES;
				CLANG_WARN__DUPLICATE_METHOD_MATCH = YES;
				CODE_SIGN_IDENTITY = "iPhone Developer";
				COPY_PHASE_STRIP = NO;
				DEBUG_INFORMATION_FORMAT = "dwarf-with-dsym";
				ENABLE_NS_ASSERTIONS = NO;
				ENABLE_STRICT_OBJC_MSGSEND = YES;
				GCC_C_LANGUAGE_STANDARD = gnu11;
				GCC_NO_COMMON_BLOCKS = YES;
				GCC_WARN_64_TO_32_BIT_CONVERSION = YES;
				GCC_WARN_ABOUT_RETURN_TYPE = YES_ERROR;
				GCC_WARN_UNDECLARED_SELECTOR = YES;
				GCC_WARN_UNINITIALIZED_AUTOS = YES_AGGRESSIVE;
				GCC_WARN_UNUSED_FUNCTION = YES;
				GCC_WARN_UNUSED_VARIABLE = YES;
				IPHONEOS_DEPLOYMENT_TARGET = 11.0;
				MTL_ENABLE_DEBUG_INFO = NO;
				SDKROOT = iphoneos;
				VALIDATE_PRODUCT = YES;
			};
			name = Release;
		};
		952D7A8C1F5C1E7D00AB4102 /* Debug */ = {
			isa = XCBuildConfiguration;
			baseConfigurationReference = D6AFEA628BA88E46C77E41CE /* Pods-SplitKit-SplitKit Example.debug.xcconfig */;
			buildSettings = {
				ALWAYS_EMBED_SWIFT_STANDARD_LIBRARIES = YES;
				ASSETCATALOG_COMPILER_APPICON_NAME = AppIcon;
				CLANG_ENABLE_MODULES = YES;
				CODE_SIGN_STYLE = Automatic;
				DEVELOPMENT_TEAM = 9S76YAVG8A;
				INFOPLIST_FILE = "SplitKit Example/Info.plist";
				IPHONEOS_DEPLOYMENT_TARGET = 9.0;
				LD_RUNPATH_SEARCH_PATHS = "$(inherited) @executable_path/Frameworks";
				PRODUCT_BUNDLE_IDENTIFIER = com.dolomate.splitkit.example;
				PRODUCT_NAME = "$(TARGET_NAME)";
				SWIFT_OBJC_BRIDGING_HEADER = "SplitKit Example/SplitKit Example-Bridging-Header.h";
				SWIFT_OPTIMIZATION_LEVEL = "-Onone";
				SWIFT_VERSION = 3.0;
				TARGETED_DEVICE_FAMILY = "1,2";
			};
			name = Debug;
		};
		952D7A8D1F5C1E7D00AB4102 /* Release */ = {
			isa = XCBuildConfiguration;
			baseConfigurationReference = 3294CE9172CEA789D1B495CD /* Pods-SplitKit-SplitKit Example.release.xcconfig */;
			buildSettings = {
				ALWAYS_EMBED_SWIFT_STANDARD_LIBRARIES = YES;
				ASSETCATALOG_COMPILER_APPICON_NAME = AppIcon;
				CLANG_ENABLE_MODULES = YES;
				CODE_SIGN_STYLE = Automatic;
				DEVELOPMENT_TEAM = 9S76YAVG8A;
				INFOPLIST_FILE = "SplitKit Example/Info.plist";
				IPHONEOS_DEPLOYMENT_TARGET = 9.0;
				LD_RUNPATH_SEARCH_PATHS = "$(inherited) @executable_path/Frameworks";
				PRODUCT_BUNDLE_IDENTIFIER = com.dolomate.splitkit.example;
				PRODUCT_NAME = "$(TARGET_NAME)";
				SWIFT_OBJC_BRIDGING_HEADER = "SplitKit Example/SplitKit Example-Bridging-Header.h";
				SWIFT_VERSION = 3.0;
				TARGETED_DEVICE_FAMILY = "1,2";
			};
			name = Release;
		};
/* End XCBuildConfiguration section */

/* Begin XCConfigurationList section */
		952D7A701F5C1E7C00AB4102 /* Build configuration list for PBXProject "SplitKit Example" */ = {
			isa = XCConfigurationList;
			buildConfigurations = (
				952D7A891F5C1E7D00AB4102 /* Debug */,
				952D7A8A1F5C1E7D00AB4102 /* Release */,
			);
			defaultConfigurationIsVisible = 0;
			defaultConfigurationName = Release;
		};
		952D7A8B1F5C1E7D00AB4102 /* Build configuration list for PBXNativeTarget "SplitKit Example" */ = {
			isa = XCConfigurationList;
			buildConfigurations = (
				952D7A8C1F5C1E7D00AB4102 /* Debug */,
				952D7A8D1F5C1E7D00AB4102 /* Release */,
			);
			defaultConfigurationIsVisible = 0;
			defaultConfigurationName = Release;
		};
/* End XCConfigurationList section */
	};
	rootObject = 952D7A6D1F5C1E7C00AB4102 /* Project object */;
}
